
Microsoft Visual Studio Solution File, Format Version 12.00
# Visual Studio Version 17
VisualStudioVersion = 17.13.35913.81 d17.13
MinimumVisualStudioVersion = 10.0.40219.1
Project("{8BC9CEB8-8B4A-11D0-8D11-00A0C91BC942}") = "Lab1_Philosophers", "Lab1_Philosophers.vcxproj", "{B96871DD-B9D2-4606-A846-2A15AB5D4FC8}"
EndProject
Global
	GlobalSection(SolutionConfigurationPlatforms) = preSolution
		Debug|x64 = Debug|x64
		Debug|x86 = Debug|x86
		Release|x64 = Release|x64
		Release|x86 = Release|x86
	EndGlobalSection
	GlobalSection(ProjectConfigurationPlatforms) = postSolution
		{B96871DD-B9D2-4606-A846-2A15AB5D4FC8}.Debug|x64.ActiveCfg = Debug|x64
		{B96871DD-B9D2-4606-A846-2A15AB5D4FC8}.Debug|x64.Build.0 = Debug|x64
		{B96871DD-B9D2-4606-A846-2A15AB5D4FC8}.Debug|x86.ActiveCfg = Debug|Win32
		{B96871DD-B9D2-4606-A846-2A15AB5D4FC8}.Debug|x86.Build.0 = Debug|Win32
		{B96871DD-B9D2-4606-A846-2A15AB5D4FC8}.Release|x64.ActiveCfg = Release|x64
		{B96871DD-B9D2-4606-A846-2A15AB5D4FC8}.Release|x64.Build.0 = Release|x64
		{B96871DD-B9D2-4606-A846-2A15AB5D4FC8}.Release|x86.ActiveCfg = Release|Win32
		{B96871DD-B9D2-4606-A846-2A15AB5D4FC8}.Release|x86.Build.0 = Release|Win32
	EndGlobalSection
	GlobalSection(SolutionProperties) = preSolution
		HideSolutionNode = FALSE
	EndGlobalSection
	GlobalSection(ExtensibilityGlobals) = postSolution
		SolutionGuid = {DD9F33A7-5CC1-4A1D-858D-16CADC52E073}
	EndGlobalSection
EndGlobal
